lockfileVersion: '6.0'

settings:
  autoInstallPeers: true
  excludeLinksFromLockfile: false

dependencies:
  undici:
    specifier: ^6.7.0
    version: 6.7.0

packages:

  /@fastify/busboy@2.1.1:
    resolution: {integrity: sha512-vBZP4NlzfOlerQTnba4aqZoMhE/a9HY7HRqoOPaETQcSQuWEIyZMHGfVu6w9wGtGK5fED5qRs2DteVCjOH60sA==}
    engines: {node: '>=14'}
    dev: false

  /undici@6.7.0:
    resolution: {integrity: sha512-IcWssIyDN1gk6Mcae44q04oRoWTKrW8OKz0effVK1xdWwAgMPnfpxhn9RXUSL5JlwSikO18R7Ibk7Nukz6kxWA==}
    engines: {node: '>=18.0'}
    dependencies:
      '@fastify/busboy': 2.1.1
    dev: false
